
Microsoft Visual Studio Solution File, Format Version 12.00
# Visual Studio 14
VisualStudioVersion = 14.0.24720.0
MinimumVisualStudioVersion = 10.0.40219.1
Project("{FAE04EC0-301F-11D3-BF4B-00C04F79EFBC}") = "RowTorrentAPI", "RowTorrentAPI\RowTorrentAPI.csproj", "{F807EC65-B205-4643-85F1-0F4198AEBB39}"
EndProject
Project("{FAE04EC0-301F-11D3-BF4B-00C04F79EFBC}") = "RowTorrent", "RowTorrent\RowTorrent.csproj", "{B9CD8A19-0F34-43D5-ADC2-FB33E385E55B}"
EndProject
Project("{FAE04EC0-301F-11D3-BF4B-00C04F79EFBC}") = "RowTorrentTest", "RowTorrentTest\RowTorrentTest.csproj", "{57FEDA86-0978-43C2-9F91-282FB34932A1}"
EndProject
Global
	GlobalSection(SolutionConfigurationPlatforms) = preSolution
		Debug|Any CPU = Debug|Any CPU
		Release|Any CPU = Release|Any CPU
	EndGlobalSection
	GlobalSection(ProjectConfigurationPlatforms) = postSolution
		{F807EC65-B205-4643-85F1-0F4198AEBB39}.Debug|Any CPU.ActiveCfg = Debug|Any CPU
		{F807EC65-B205-4643-85F1-0F4198AEBB39}.Debug|Any CPU.Build.0 = Debug|Any CPU
		{F807EC65-B205-4643-85F1-0F4198AEBB39}.Release|Any CPU.ActiveCfg = Release|Any CPU
		{F807EC65-B205-4643-85F1-0F4198AEBB39}.Release|Any CPU.Build.0 = Release|Any CPU
		{B9CD8A19-0F34-43D5-ADC2-FB33E385E55B}.Debug|Any CPU.ActiveCfg = Debug|Any CPU
		{B9CD8A19-0F34-43D5-ADC2-FB33E385E55B}.Debug|Any CPU.Build.0 = Debug|Any CPU
		{B9CD8A19-0F34-43D5-ADC2-FB33E385E55B}.Release|Any CPU.ActiveCfg = Release|Any CPU
		{B9CD8A19-0F34-43D5-ADC2-FB33E385E55B}.Release|Any CPU.Build.0 = Release|Any CPU
		{57FEDA86-0978-43C2-9F91-282FB34932A1}.Debug|Any CPU.ActiveCfg = Debug|Any CPU
		{57FEDA86-0978-43C2-9F91-282FB34932A1}.Debug|Any CPU.Build.0 = Debug|Any CPU
		{57FEDA86-0978-43C2-9F91-282FB34932A1}.Release|Any CPU.ActiveCfg = Release|Any CPU
		{57FEDA86-0978-43C2-9F91-282FB34932A1}.Release|Any CPU.Build.0 = Release|Any CPU
	EndGlobalSection
	GlobalSection(SolutionProperties) = preSolution
		HideSolutionNode = FALSE
	EndGlobalSection
EndGlobal
